// !$*UTF8*$!
{
	archiveVersion = 1;
	classes = {
	};
	objectVersion = 56;
	objects = {

/* Begin PBXBuildFile section */
		84466A942B0E919E009B24D0 /* FirstProjectApp.swift in Sources */ = {isa = PBXBuildFile; fileRef = 84466A932B0E919E009B24D0 /* FirstProjectApp.swift */; };
		84466A962B0E919E009B24D0 /* ContentView.swift in Sources */ = {isa = PBXBuildFile; fileRef = 84466A952B0E919E009B24D0 /* ContentView.swift */; };
		84466A982B0E91A0009B24D0 /* Assets.xcassets in Resources */ = {isa = PBXBuildFile; fileRef = 84466A972B0E91A0009B24D0 /* Assets.xcassets */; };
		84466A9B2B0E91A0009B24D0 /* Preview Assets.xcassets in Resources */ = {isa = PBXBuildFile; fileRef = 84466A9A2B0E91A0009B24D0 /* Preview Assets.xcassets */; };
		84466AA22B0E91CA009B24D0 /* ExerciseView.swift in Sources */ = {isa = PBXBuildFile; fileRef = 84466AA12B0E91CA009B24D0 /* ExerciseView.swift */; };
		84466AA42B0E91DC009B24D0 /* WelcomeView.swift in Sources */ = {isa = PBXBuildFile; fileRef = 84466AA32B0E91DC009B24D0 /* WelcomeView.swift */; };
		84466AA82B0E9365009B24D0 /* computer.mp4 in Resources */ = {isa = PBXBuildFile; fileRef = 84466AA72B0E9365009B24D0 /* computer.mp4 */; };
		84466AAA2B0E937E009B24D0 /* matrix.mp4 in Resources */ = {isa = PBXBuildFile; fileRef = 84466AA92B0E937E009B24D0 /* matrix.mp4 */; };
		84466AAC2B0E938F009B24D0 /* coding.mp4 in Resources */ = {isa = PBXBuildFile; fileRef = 84466AAB2B0E938F009B24D0 /* coding.mp4 */; };
		84466AAE2B0E9398009B24D0 /* coding2.mp4 in Resources */ = {isa = PBXBuildFile; fileRef = 84466AAD2B0E9398009B24D0 /* coding2.mp4 */; };
		84E3D4AE2B12720D00C3931E /* HeaderView.swift in Sources */ = {isa = PBXBuildFile; fileRef = 84E3D4AD2B12720D00C3931E /* HeaderView.swift */; };
		84E3D4B02B12A72100C3931E /* Exercise.swift in Sources */ = {isa = PBXBuildFile; fileRef = 84E3D4AF2B12A72100C3931E /* Exercise.swift */; };
/* End PBXBuildFile section */

/* Begin PBXFileReference section */
		84466A902B0E919E009B24D0 /* FirstProject.app */ = {isa = PBXFileReference; explicitFileType = wrapper.application; includeInIndex = 0; path = FirstProject.app; sourceTree = BUILT_PRODUCTS_DIR; };
		84466A932B0E919E009B24D0 /* FirstProjectApp.swift */ = {isa = PBXFileReference; lastKnownFileType = sourcecode.swift; path = FirstProjectApp.swift; sourceTree = "<group>"; };
		84466A952B0E919E009B24D0 /* ContentView.swift */ = {isa = PBXFileReference; lastKnownFileType = sourcecode.swift; path = ContentView.swift; sourceTree = "<group>"; };
		84466A972B0E91A0009B24D0 /* Assets.xcassets */ = {isa = PBXFileReference; lastKnownFileType = folder.assetcatalog; path = Assets.xcassets; sourceTree = "<group>"; };
		84466A9A2B0E91A0009B24D0 /* Preview Assets.xcassets */ = {isa = PBXFileReference; lastKnownFileType = folder.assetcatalog; path = "Preview Assets.xcassets"; sourceTree = "<group>"; };
		84466AA12B0E91CA009B24D0 /* ExerciseView.swift */ = {isa = PBXFileReference; lastKnownFileType = sourcecode.swift; path = ExerciseView.swift; sourceTree = "<group>"; wrapsLines = 1; };
		84466AA32B0E91DC009B24D0 /* WelcomeView.swift */ = {isa = PBXFileReference; lastKnownFileType = sourcecode.swift; path = WelcomeView.swift; sourceTree = "<group>"; };
		84466AA72B0E9365009B24D0 /* computer.mp4 */ = {isa = PBXFileReference; lastKnownFileType = file; path = computer.mp4; sourceTree = "<group>"; };
		84466AA92B0E937E009B24D0 /* matrix.mp4 */ = {isa = PBXFileReference; lastKnownFileType = file; path = matrix.mp4; sourceTree = "<group>"; };
		84466AAB2B0E938F009B24D0 /* coding.mp4 */ = {isa = PBXFileReference; lastKnownFileType = file; path = coding.mp4; sourceTree = "<group>"; };
		84466AAD2B0E9398009B24D0 /* coding2.mp4 */ = {isa = PBXFileReference; lastKnownFileType = file; path = coding2.mp4; sourceTree = "<group>"; };
		84E3D4AD2B12720D00C3931E /* HeaderView.swift */ = {isa = PBXFileReference; lastKnownFileType = sourcecode.swift; path = HeaderView.swift; sourceTree = "<group>"; };
		84E3D4AF2B12A72100C3931E /* Exercise.swift */ = {isa = PBXFileReference; lastKnownFileType = sourcecode.swift; path = Exercise.swift; sourceTree = "<group>"; };
/* End PBXFileReference section */

/* Begin PBXFrameworksBuildPhase section */
		84466A8D2B0E919E009B24D0 /* Frameworks */ = {
			isa = PBXFrameworksBuildPhase;
			buildActionMask = 2147483647;
			files = (
			);
			runOnlyForDeploymentPostprocessing = 0;
		};
/* End PBXFrameworksBuildPhase section */

/* Begin PBXGroup section */
		84466A872B0E919E009B24D0 = {
			isa = PBXGroup;
			children = (
				84466A922B0E919E009B24D0 /* FirstProject */,
				84466A912B0E919E009B24D0 /* Products */,
			);
			sourceTree = "<group>";
		};
		84466A912B0E919E009B24D0 /* Products */ = {
			isa = PBXGroup;
			children = (
				84466A902B0E919E009B24D0 /* FirstProject.app */,
			);
			name = Products;
			sourceTree = "<group>";
		};
		84466A922B0E919E009B24D0 /* FirstProject */ = {
			isa = PBXGroup;
			children = (
				84466A932B0E919E009B24D0 /* FirstProjectApp.swift */,
				84E3D4AF2B12A72100C3931E /* Exercise.swift */,
				84466AA52B0E91E3009B24D0 /* Views */,
				84466A972B0E91A0009B24D0 /* Assets.xcassets */,
				84466AA62B0E9250009B24D0 /* Videos */,
				84466A992B0E91A0009B24D0 /* Preview Content */,
			);
			path = FirstProject;
			sourceTree = "<group>";
		};
		84466A992B0E91A0009B24D0 /* Preview Content */ = {
			isa = PBXGroup;
			children = (
				84466A9A2B0E91A0009B24D0 /* Preview Assets.xcassets */,
			);
			path = "Preview Content";
			sourceTree = "<group>";
		};
		84466AA52B0E91E3009B24D0 /* Views */ = {
			isa = PBXGroup;
			children = (
				84466A952B0E919E009B24D0 /* ContentView.swift */,
				84466AA12B0E91CA009B24D0 /* ExerciseView.swift */,
				84466AA32B0E91DC009B24D0 /* WelcomeView.swift */,
				84E3D4AD2B12720D00C3931E /* HeaderView.swift */,
			);
			path = Views;
			sourceTree = "<group>";
		};
		84466AA62B0E9250009B24D0 /* Videos */ = {
			isa = PBXGroup;
			children = (
				84466AA72B0E9365009B24D0 /* computer.mp4 */,
				84466AA92B0E937E009B24D0 /* matrix.mp4 */,
				84466AAB2B0E938F009B24D0 /* coding.mp4 */,
				84466AAD2B0E9398009B24D0 /* coding2.mp4 */,
			);
			path = Videos;
			sourceTree = "<group>";
		};
/* End PBXGroup section */

/* Begin PBXNativeTarget section */
		84466A8F2B0E919E009B24D0 /* FirstProject */ = {
			isa = PBXNativeTarget;
			buildConfigurationList = 84466A9E2B0E91A0009B24D0 /* Build configuration list for PBXNativeTarget "FirstProject" */;
			buildPhases = (
				84466A8C2B0E919E009B24D0 /* Sources */,
				84466A8D2B0E919E009B24D0 /* Frameworks */,
				84466A8E2B0E919E009B24D0 /* Resources */,
			);
			buildRules = (
			);
			dependencies = (
			);
			name = FirstProject;
			productName = FirstProject;
			productReference = 84466A902B0E919E009B24D0 /* FirstProject.app */;
			productType = "com.apple.product-type.application";
		};
/* End PBXNativeTarget section */

/* Begin PBXProject section */
		84466A882B0E919E009B24D0 /* Project object */ = {
			isa = PBXProject;
			attributes = {
				BuildIndependentTargetsInParallel = 1;
				LastSwiftUpdateCheck = 1430;
				LastUpgradeCheck = 1500;
				TargetAttributes = {
					84466A8F2B0E919E009B24D0 = {
						CreatedOnToolsVersion = 14.3.1;
					};
				};
			};
			buildConfigurationList = 84466A8B2B0E919E009B24D0 /* Build configuration list for PBXProject "FirstProject" */;
			compatibilityVersion = "Xcode 14.0";
			developmentRegion = en;
			hasScannedForEncodings = 0;
			knownRegions = (
				en,
				Base,
			);
			mainGroup = 84466A872B0E919E009B24D0;
			productRefGroup = 84466A912B0E919E009B24D0 /* Products */;
			projectDirPath = "";
			projectRoot = "";
			targets = (
				84466A8F2B0E919E009B24D0 /* FirstProject */,
			);
		};
/* End PBXProject section */

/* Begin PBXResourcesBuildPhase section */
		84466A8E2B0E919E009B24D0 /* Resources */ = {
			isa = PBXResourcesBuildPhase;
			buildActionMask = 2147483647;
			files = (
				84466AAA2B0E937E009B24D0 /* matrix.mp4 in Resources */,
				84466AAE2B0E9398009B24D0 /* coding2.mp4 in Resources */,
				84466AAC2B0E938F009B24D0 /* coding.mp4 in Resources */,
				84466AA82B0E9365009B24D0 /* computer.mp4 in Resources */,
				84466A9B2B0E91A0009B24D0 /* Preview Assets.xcassets in Resources */,
				84466A982B0E91A0009B24D0 /* Assets.xcassets in Resources */,
			);
			runOnlyForDeploymentPostprocessing = 0;
		};
/* End PBXResourcesBuildPhase section */

/* Begin PBXSourcesBuildPhase section */
		84466A8C2B0E919E009B24D0 /* Sources */ = {
			isa = PBXSourcesBuildPhase;
			buildActionMask = 2147483647;
			files = (
				84E3D4AE2B12720D00C3931E /* HeaderView.swift in Sources */,
				84466AA22B0E91CA009B24D0 /* ExerciseView.swift in Sources */,
				84466A962B0E919E009B24D0 /* ContentView.swift in Sources */,
				84466A942B0E919E009B24D0 /* FirstProjectApp.swift in Sources */,
				84466AA42B0E91DC009B24D0 /* WelcomeView.swift in Sources */,
				84E3D4B02B12A72100C3931E /* Exercise.swift in Sources */,
			);
			runOnlyForDeploymentPostprocessing = 0;
		};
/* End PBXSourcesBuildPhase section */

/* Begin XCBuildConfiguration section */
		84466A9C2B0E91A0009B24D0 /* Debug */ = {
			isa = XCBuildConfiguration;
			buildSettings = {
				ALWAYS_SEARCH_USER_PATHS = NO;
				CLANG_ANALYZER_NONNULL = YES;
				CLANG_ANALYZER_NUMBER_OBJECT_CONVERSION = YES_AGGRESSIVE;
				CLANG_CXX_LANGUAGE_STANDARD = "gnu++20";
				CLANG_ENABLE_MODULES = YES;
				CLANG_ENABLE_OBJC_ARC = YES;
				CLANG_ENABLE_OBJC_WEAK = YES;
				CLANG_WARN_BLOCK_CAPTURE_AUTORELEASING = YES;
				CLANG_WARN_BOOL_CONVERSION = YES;
				CLANG_WARN_COMMA = YES;
				CLANG_WARN_CONSTANT_CONVERSION = YES;
				CLANG_WARN_DEPRECATED_OBJC_IMPLEMENTATIONS = YES;
				CLANG_WARN_DIRECT_OBJC_ISA_USAGE = YES_ERROR;
				CLANG_WARN_DOCUMENTATION_COMMENTS = YES;
				CLANG_WARN_EMPTY_BODY = YES;
				CLANG_WARN_ENUM_CONVERSION = YES;
				CLANG_WARN_INFINITE_RECURSION = YES;
				CLANG_WARN_INT_CONVERSION = YES;
				CLANG_WARN_NON_LITERAL_NULL_CONVERSION = YES;
				CLANG_WARN_OBJC_IMPLICIT_RETAIN_SELF = YES;
				CLANG_WARN_OBJC_LITERAL_CONVERSION = YES;
				CLANG_WARN_OBJC_ROOT_CLASS = YES_ERROR;
				CLANG_WARN_QUOTED_INCLUDE_IN_FRAMEWORK_HEADER = YES;
				CLANG_WARN_RANGE_LOOP_ANALYSIS = YES;
				CLANG_WARN_STRICT_PROTOTYPES = YES;
				CLANG_WARN_SUSPICIOUS_MOVE = YES;
				CLANG_WARN_UNGUARDED_AVAILABILITY = YES_AGGRESSIVE;
				CLANG_WARN_UNREACHABLE_CODE = YES;
				CLANG_WARN__DUPLICATE_METHOD_MATCH = YES;
				COPY_PHASE_STRIP = NO;
				DEBUG_INFORMATION_FORMAT = dwarf;
				ENABLE_STRICT_OBJC_MSGSEND = YES;
				ENABLE_TESTABILITY = YES;
				ENABLE_USER_SCRIPT_SANDBOXING = YES;
				GCC_C_LANGUAGE_STANDARD = gnu11;
				GCC_DYNAMIC_NO_PIC = NO;
				GCC_NO_COMMON_BLOCKS = YES;
				GCC_OPTIMIZATION_LEVEL = 0;
				GCC_PREPROCESSOR_DEFINITIONS = (
					"DEBUG=1",
					"$(inherited)",
				);
				GCC_WARN_64_TO_32_BIT_CONVERSION = YES;
				GCC_WARN_ABOUT_RETURN_TYPE = YES_ERROR;
				GCC_WARN_UNDECLARED_SELECTOR = YES;
				GCC_WARN_UNINITIALIZED_AUTOS = YES_AGGRESSIVE;
				GCC_WARN_UNUSED_FUNCTION = YES;
				GCC_WARN_UNUSED_VARIABLE = YES;
				IPHONEOS_DEPLOYMENT_TARGET = 16.4;
				MTL_ENABLE_DEBUG_INFO = INCLUDE_SOURCE;
				MTL_FAST_MATH = YES;
				ONLY_ACTIVE_ARCH = YES;
				SDKROOT = iphoneos;
				SWIFT_ACTIVE_COMPILATION_CONDITIONS = DEBUG;
				SWIFT_OPTIMIZATION_LEVEL = "-Onone";
			};
			name = Debug;
		};
		84466A9D2B0E91A0009B24D0 /* Release */ = {
			isa = XCBuildConfiguration;
			buildSettings = {
				ALWAYS_SEARCH_USER_PATHS = NO;
				CLANG_ANALYZER_NONNULL = YES;
				CLANG_ANALYZER_NUMBER_OBJECT_CONVERSION = YES_AGGRESSIVE;
				CLANG_CXX_LANGUAGE_STANDARD = "gnu++20";
				CLANG_ENABLE_MODULES = YES;
				CLANG_ENABLE_OBJC_ARC = YES;
				CLANG_ENABLE_OBJC_WEAK = YES;
				CLANG_WARN_BLOCK_CAPTURE_AUTORELEASING = YES;
				CLANG_WARN_BOOL_CONVERSION = YES;
				CLANG_WARN_COMMA = YES;
				CLANG_WARN_CONSTANT_CONVERSION = YES;
				CLANG_WARN_DEPRECATED_OBJC_IMPLEMENTATIONS = YES;
				CLANG_WARN_DIRECT_OBJC_ISA_USAGE = YES_ERROR;
				CLANG_WARN_DOCUMENTATION_COMMENTS = YES;
				CLANG_WARN_EMPTY_BODY = YES;
				CLANG_WARN_ENUM_CONVERSION = YES;
				CLANG_WARN_INFINITE_RECURSION = YES;
				CLANG_WARN_INT_CONVERSION = YES;
				CLANG_WARN_NON_LITERAL_NULL_CONVERSION = YES;
				CLANG_WARN_OBJC_IMPLICIT_RETAIN_SELF = YES;
				CLANG_WARN_OBJC_LITERAL_CONVERSION = YES;
				CLANG_WARN_OBJC_ROOT_CLASS = YES_ERROR;
				CLANG_WARN_QUOTED_INCLUDE_IN_FRAMEWORK_HEADER = YES;
				CLANG_WARN_RANGE_LOOP_ANALYSIS = YES;
				CLANG_WARN_STRICT_PROTOTYPES = YES;
				CLANG_WARN_SUSPICIOUS_MOVE = YES;
				CLANG_WARN_UNGUARDED_AVAILABILITY = YES_AGGRESSIVE;
				CLANG_WARN_UNREACHABLE_CODE = YES;
				CLANG_WARN__DUPLICATE_METHOD_MATCH = YES;
				COPY_PHASE_STRIP = NO;
				DEBUG_INFORMATION_FORMAT = "dwarf-with-dsym";
				ENABLE_NS_ASSERTIONS = NO;
				ENABLE_STRICT_OBJC_MSGSEND = YES;
				ENABLE_USER_SCRIPT_SANDBOXING = YES;
				GCC_C_LANGUAGE_STANDARD = gnu11;
				GCC_NO_COMMON_BLOCKS = YES;
				GCC_WARN_64_TO_32_BIT_CONVERSION = YES;
				GCC_WARN_ABOUT_RETURN_TYPE = YES_ERROR;
				GCC_WARN_UNDECLARED_SELECTOR = YES;
				GCC_WARN_UNINITIALIZED_AUTOS = YES_AGGRESSIVE;
				GCC_WARN_UNUSED_FUNCTION = YES;
				GCC_WARN_UNUSED_VARIABLE = YES;
				IPHONEOS_DEPLOYMENT_TARGET = 16.4;
				MTL_ENABLE_DEBUG_INFO = NO;
				MTL_FAST_MATH = YES;
				SDKROOT = iphoneos;
				SWIFT_COMPILATION_MODE = wholemodule;
				SWIFT_OPTIMIZATION_LEVEL = "-O";
				VALIDATE_PRODUCT = YES;
			};
			name = Release;
		};
		84466A9F2B0E91A0009B24D0 /* Debug */ = {
			isa = XCBuildConfiguration;
			buildSettings = {
				ASSETCATALOG_COMPILER_APPICON_NAME = AppIcon;
				ASSETCATALOG_COMPILER_GLOBAL_ACCENT_COLOR_NAME = AccentColor;
				CODE_SIGN_STYLE = Automatic;
				CURRENT_PROJECT_VERSION = 1;
				DEVELOPMENT_ASSET_PATHS = "\"FirstProject/Preview Content\"";
				DEVELOPMENT_TEAM = GM5NV7TY3F;
				ENABLE_PREVIEWS = YES;
				GENERATE_INFOPLIST_FILE = YES;
				INFOPLIST_KEY_UIApplicationSceneManifest_Generation = YES;
				INFOPLIST_KEY_UIApplicationSupportsIndirectInputEvents = YES;
				INFOPLIST_KEY_UILaunchScreen_Generation = YES;
				INFOPLIST_KEY_UISupportedInterfaceOrientations_iPad = "UIInterfaceOrientationPortrait UIInterfaceOrientationPortraitUpsideDown UIInterfaceOrientationLandscapeLeft UIInterfaceOrientationLandscapeRight";
				INFOPLIST_KEY_UISupportedInterfaceOrientations_iPhone = "UIInterfaceOrientationPortrait UIInterfaceOrientationLandscapeLeft UIInterfaceOrientationLandscapeRight";
				IPHONEOS_DEPLOYMENT_TARGET = 16.4;
				LD_RUNPATH_SEARCH_PATHS = (
					"$(inherited)",
					"@executable_path/Frameworks",
				);
				MARKETING_VERSION = 1.0;
				PRODUCT_BUNDLE_IDENTIFIER = romashka.com.FirstProject;
				PRODUCT_NAME = "$(TARGET_NAME)";
				SWIFT_EMIT_LOC_STRINGS = YES;
				SWIFT_VERSION = 5.0;
				TARGETED_DEVICE_FAMILY = "1,2";
			};
			name = Debug;
		};
		84466AA02B0E91A0009B24D0 /* Release */ = {
			isa = XCBuildConfiguration;
			buildSettings = {
				ASSETCATALOG_COMPILER_APPICON_NAME = AppIcon;
				ASSETCATALOG_COMPILER_GLOBAL_ACCENT_COLOR_NAME = AccentColor;
				CODE_SIGN_STYLE = Automatic;
				CURRENT_PROJECT_VERSION = 1;
				DEVELOPMENT_ASSET_PATHS = "\"FirstProject/Preview Content\"";
				DEVELOPMENT_TEAM = GM5NV7TY3F;
				ENABLE_PREVIEWS = YES;
				GENERATE_INFOPLIST_FILE = YES;
				INFOPLIST_KEY_UIApplicationSceneManifest_Generation = YES;
				INFOPLIST_KEY_UIApplicationSupportsIndirectInputEvents = YES;
				INFOPLIST_KEY_UILaunchScreen_Generation = YES;
				INFOPLIST_KEY_UISupportedInterfaceOrientations_iPad = "UIInterfaceOrientationPortrait UIInterfaceOrientationPortraitUpsideDown UIInterfaceOrientationLandscapeLeft UIInterfaceOrientationLandscapeRight";
				INFOPLIST_KEY_UISupportedInterfaceOrientations_iPhone = "UIInterfaceOrientationPortrait UIInterfaceOrientationLandscapeLeft UIInterfaceOrientationLandscapeRight";
				IPHONEOS_DEPLOYMENT_TARGET = 16.4;
				LD_RUNPATH_SEARCH_PATHS = (
					"$(inherited)",
					"@executable_path/Frameworks",
				);
				MARKETING_VERSION = 1.0;
				PRODUCT_BUNDLE_IDENTIFIER = romashka.com.FirstProject;
				PRODUCT_NAME = "$(TARGET_NAME)";
				SWIFT_EMIT_LOC_STRINGS = YES;
				SWIFT_VERSION = 5.0;
				TARGETED_DEVICE_FAMILY = "1,2";
			};
			name = Release;
		};
/* End XCBuildConfiguration section */

/* Begin XCConfigurationList section */
		84466A8B2B0E919E009B24D0 /* Build configuration list for PBXProject "FirstProject" */ = {
			isa = XCConfigurationList;
			buildConfigurations = (
				84466A9C2B0E91A0009B24D0 /* Debug */,
				84466A9D2B0E91A0009B24D0 /* Release */,
			);
			defaultConfigurationIsVisible = 0;
			defaultConfigurationName = Release;
		};
		84466A9E2B0E91A0009B24D0 /* Build configuration list for PBXNativeTarget "FirstProject" */ = {
			isa = XCConfigurationList;
			buildConfigurations = (
				84466A9F2B0E91A0009B24D0 /* Debug */,
				84466AA02B0E91A0009B24D0 /* Release */,
			);
			defaultConfigurationIsVisible = 0;
			defaultConfigurationName = Release;
		};
/* End XCConfigurationList section */
	};
	rootObject = 84466A882B0E919E009B24D0 /* Project object */;
}
